// !$*UTF8*$!
{
	archiveVersion = 1;
	classes = {
	};
	objectVersion = 46;
	objects = {

/* Begin PBXBuildFile section */
		031CEDB71F4F474800A4C6FF /* AppDelegate.swift in Sources */ = {isa = PBXBuildFile; fileRef = 031CEDB61F4F474800A4C6FF /* AppDelegate.swift */; };
		031CEDB91F4F474800A4C6FF /* ViewController.swift in Sources */ = {isa = PBXBuildFile; fileRef = 031CEDB81F4F474800A4C6FF /* ViewController.swift */; };
		031CEDBC1F4F474800A4C6FF /* Main.storyboard in Resources */ = {isa = PBXBuildFile; fileRef = 031CEDBA1F4F474800A4C6FF /* Main.storyboard */; };
		031CEDBE1F4F474800A4C6FF /* Assets.xcassets in Resources */ = {isa = PBXBuildFile; fileRef = 031CEDBD1F4F474800A4C6FF /* Assets.xcassets */; };
		031CEDC11F4F474800A4C6FF /* LaunchScreen.storyboard in Resources */ = {isa = PBXBuildFile; fileRef = 031CEDBF1F4F474800A4C6FF /* LaunchScreen.storyboard */; };
/* End PBXBuildFile section */

/* Begin PBXFileReference section */
		031CEDB31F4F474800A4C6FF /* HexColors.app */ = {isa = PBXFileReference; explicitFileType = wrapper.application; includeInIndex = 0; path = HexColors.app; sourceTree = BUILT_PRODUCTS_DIR; };
		031CEDB61F4F474800A4C6FF /* AppDelegate.swift */ = {isa = PBXFileReference; lastKnownFileType = sourcecode.swift; path = AppDelegate.swift; sourceTree = "<group>"; };
		031CEDB81F4F474800A4C6FF /* ViewController.swift */ = {isa = PBXFileReference; lastKnownFileType = sourcecode.swift; path = ViewController.swift; sourceTree = "<group>"; };
		031CEDBB1F4F474800A4C6FF /* Base */ = {isa = PBXFileReference; lastKnownFileType = file.storyboard; name = Base; path = Base.lproj/Main.storyboard; sourceTree = "<group>"; };
		031CEDBD1F4F474800A4C6FF /* Assets.xcassets */ = {isa = PBXFileReference; lastKnownFileType = folder.assetcatalog; path = Assets.xcassets; sourceTree = "<group>"; };
		031CEDC01F4F474800A4C6FF /* Base */ = {isa = PBXFileReference; lastKnownFileType = file.storyboard; name = Base; path = Base.lproj/LaunchScreen.storyboard; sourceTree = "<group>"; };
		031CEDC21F4F474800A4C6FF /* Info.plist */ = {isa = PBXFileReference; lastKnownFileType = text.plist.xml; path = Info.plist; sourceTree = "<group>"; };
/* End PBXFileReference section */

/* Begin PBXFrameworksBuildPhase section */
		031CEDB01F4F474800A4C6FF /* Frameworks */ = {
			isa = PBXFrameworksBuildPhase;
			buildActionMask = 2147483647;
			files = (
			);
			runOnlyForDeploymentPostprocessing = 0;
		};
/* End PBXFrameworksBuildPhase section */

/* Begin PBXGroup section */
		031CEDAA1F4F474800A4C6FF = {
			isa = PBXGroup;
			children = (
				031CEDB51F4F474800A4C6FF /* HexColors */,
				031CEDB41F4F474800A4C6FF /* Products */,
			);
			sourceTree = "<group>";
		};
		031CEDB41F4F474800A4C6FF /* Products */ = {
			isa = PBXGroup;
			children = (
				031CEDB31F4F474800A4C6FF /* HexColors.app */,
			);
			name = Products;
			sourceTree = "<group>";
		};
		031CEDB51F4F474800A4C6FF /* HexColors */ = {
			isa = PBXGroup;
			children = (
				031CEDB61F4F474800A4C6FF /* AppDelegate.swift */,
				031CEDB81F4F474800A4C6FF /* ViewController.swift */,
				031CEDBA1F4F474800A4C6FF /* Main.storyboard */,
				031CEDBD1F4F474800A4C6FF /* Assets.xcassets */,
				031CEDBF1F4F474800A4C6FF /* LaunchScreen.storyboard */,
				031CEDC21F4F474800A4C6FF /* Info.plist */,
			);
			path = HexColors;
			sourceTree = "<group>";
		};
/* End PBXGroup section */

/* Begin PBXNativeTarget section */
		031CEDB21F4F474800A4C6FF /* HexColors */ = {
			isa = PBXNativeTarget;
			buildConfigurationList = 031CEDC51F4F474800A4C6FF /* Build configuration list for PBXNativeTarget "HexColors" */;
			buildPhases = (
				031CEDAF1F4F474800A4C6FF /* Sources */,
				031CEDB01F4F474800A4C6FF /* Frameworks */,
				031CEDB11F4F474800A4C6FF /* Resources */,
			);
			buildRules = (
			);
			dependencies = (
			);
			name = HexColors;
			productName = HexColors;
			productReference = 031CEDB31F4F474800A4C6FF /* HexColors.app */;
			productType = "com.apple.product-type.application";
		};
/* End PBXNativeTarget section */

/* Begin PBXProject section */
		031CEDAB1F4F474800A4C6FF /* Project object */ = {
			isa = PBXProject;
			attributes = {
				LastSwiftUpdateCheck = 0830;
				LastUpgradeCheck = 0830;
				ORGANIZATIONNAME = "Josh Spicer";
				TargetAttributes = {
					031CEDB21F4F474800A4C6FF = {
						CreatedOnToolsVersion = 8.3.3;
						DevelopmentTeam = N7C8DEK852;
						ProvisioningStyle = Automatic;
					};
				};
			};
			buildConfigurationList = 031CEDAE1F4F474800A4C6FF /* Build configuration list for PBXProject "HexColors" */;
			compatibilityVersion = "Xcode 3.2";
			developmentRegion = English;
			hasScannedForEncodings = 0;
			knownRegions = (
				en,
				Base,
			);
			mainGroup = 031CEDAA1F4F474800A4C6FF;
			productRefGroup = 031CEDB41F4F474800A4C6FF /* Products */;
			projectDirPath = "";
			projectRoot = "";
			targets = (
				031CEDB21F4F474800A4C6FF /* HexColors */,
			);
		};
/* End PBXProject section */

/* Begin PBXResourcesBuildPhase section */
		031CEDB11F4F474800A4C6FF /* Resources */ = {
			isa = PBXResourcesBuildPhase;
			buildActionMask = 2147483647;
			files = (
				031CEDC11F4F474800A4C6FF /* LaunchScreen.storyboard in Resources */,
				031CEDBE1F4F474800A4C6FF /* Assets.xcassets in Resources */,
				031CEDBC1F4F474800A4C6FF /* Main.storyboard in Resources */,
			);
			runOnlyForDeploymentPostprocessing = 0;
		};
/* End PBXResourcesBuildPhase section */

/* Begin PBXSourcesBuildPhase section */
		031CEDAF1F4F474800A4C6FF /* Sources */ = {
			isa = PBXSourcesBuildPhase;
			buildActionMask = 2147483647;
			files = (
				031CEDB91F4F474800A4C6FF /* ViewController.swift in Sources */,
				031CEDB71F4F474800A4C6FF /* AppDelegate.swift in Sources */,
			);
			runOnlyForDeploymentPostprocessing = 0;
		};
/* End PBXSourcesBuildPhase section */

/* Begin PBXVariantGroup section */
		031CEDBA1F4F474800A4C6FF /* Main.storyboard */ = {
			isa = PBXVariantGroup;
			children = (
				031CEDBB1F4F474800A4C6FF /* Base */,
			);
			name = Main.storyboard;
			sourceTree = "<group>";
		};
		031CEDBF1F4F474800A4C6FF /* LaunchScreen.storyboard */ = {
			isa = PBXVariantGroup;
			children = (
				031CEDC01F4F474800A4C6FF /* Base */,
			);
			name = LaunchScreen.storyboard;
			sourceTree = "<group>";
		};
/* End PBXVariantGroup section */

/* Begin XCBuildConfiguration section */
		031CEDC31F4F474800A4C6FF /* Debug */ = {
			isa = XCBuildConfiguration;
			buildSettings = {
				ALWAYS_SEARCH_USER_PATHS = NO;
				CLANG_ANALYZER_NONNULL = YES;
				CLANG_ANALYZER_NUMBER_OBJECT_CONVERSION = YES_AGGRESSIVE;
				CLANG_CXX_LANGUAGE_STANDARD = "gnu++0x";
				CLANG_CXX_LIBRARY = "libc++";
				CLANG_ENABLE_MODULES = YES;
				CLANG_ENABLE_OBJC_ARC = YES;
				CLANG_WARN_BOOL_CONVERSION = YES;
				CLANG_WARN_CONSTANT_CONVERSION = YES;
				CLANG_WARN_DIRECT_OBJC_ISA_USAGE = YES_ERROR;
				CLANG_WARN_DOCUMENTATION_COMMENTS = YES;
				CLANG_WARN_EMPTY_BODY = YES;
				CLANG_WARN_ENUM_CONVERSION = YES;
				CLANG_WARN_INFINITE_RECURSION = YES;
				CLANG_WARN_INT_CONVERSION = YES;
				CLANG_WARN_OBJC_ROOT_CLASS = YES_ERROR;
				CLANG_WARN_SUSPICIOUS_MOVE = YES;
				CLANG_WARN_UNREACHABLE_CODE = YES;
				CLANG_WARN__DUPLICATE_METHOD_MATCH = YES;
				"CODE_SIGN_IDENTITY[sdk=iphoneos*]" = "iPhone Developer";
				COPY_PHASE_STRIP = NO;
				DEBUG_INFORMATION_FORMAT = dwarf;
				ENABLE_STRICT_OBJC_MSGSEND = YES;
				ENABLE_TESTABILITY = YES;
				GCC_C_LANGUAGE_STANDARD = gnu99;
				GCC_DYNAMIC_NO_PIC = NO;
				GCC_NO_COMMON_BLOCKS = YES;
				GCC_OPTIMIZATION_LEVEL = 0;
				GCC_PREPROCESSOR_DEFINITIONS = (
					"DEBUG=1",
					"$(inherited)",
				);
				GCC_WARN_64_TO_32_BIT_CONVERSION = YES;
				GCC_WARN_ABOUT_RETURN_TYPE = YES_ERROR;
				GCC_WARN_UNDECLARED_SELECTOR = YES;
				GCC_WARN_UNINITIALIZED_AUTOS = YES_AGGRESSIVE;
				GCC_WARN_UNUSED_FUNCTION = YES;
				GCC_WARN_UNUSED_VARIABLE = YES;
				IPHONEOS_DEPLOYMENT_TARGET = 10.3;
				MTL_ENABLE_DEBUG_INFO = YES;
				ONLY_ACTIVE_ARCH = YES;
				SDKROOT = iphoneos;
				SWIFT_ACTIVE_COMPILATION_CONDITIONS = DEBUG;
				SWIFT_OPTIMIZATION_LEVEL = "-Onone";
			};
			name = Debug;
		};
		031CEDC41F4F474800A4C6FF /* Release */ = {
			isa = XCBuildConfiguration;
			buildSettings = {
				ALWAYS_SEARCH_USER_PATHS = NO;
				CLANG_ANALYZER_NONNULL = YES;
				CLANG_ANALYZER_NUMBER_OBJECT_CONVERSION = YES_AGGRESSIVE;
				CLANG_CXX_LANGUAGE_STANDARD = "gnu++0x";
				CLANG_CXX_LIBRARY = "libc++";
				CLANG_ENABLE_MODULES = YES;
				CLANG_ENABLE_OBJC_ARC = YES;
				CLANG_WARN_BOOL_CONVERSION = YES;
				CLANG_WARN_CONSTANT_CONVERSION = YES;
				CLANG_WARN_DIRECT_OBJC_ISA_USAGE = YES_ERROR;
				CLANG_WARN_DOCUMENTATION_COMMENTS = YES;
				CLANG_WARN_EMPTY_BODY = YES;
				CLANG_WARN_ENUM_CONVERSION = YES;
				CLANG_WARN_INFINITE_RECURSION = YES;
				CLANG_WARN_INT_CONVERSION = YES;
				CLANG_WARN_OBJC_ROOT_CLASS = YES_ERROR;
				CLANG_WARN_SUSPICIOUS_MOVE = YES;
				CLANG_WARN_UNREACHABLE_CODE = YES;
				CLANG_WARN__DUPLICATE_METHOD_MATCH = YES;
				"CODE_SIGN_IDENTITY[sdk=iphoneos*]" = "iPhone Developer";
				COPY_PHASE_STRIP = NO;
				DEBUG_INFORMATION_FORMAT = "dwarf-with-dsym";
				ENABLE_NS_ASSERTIONS = NO;
				ENABLE_STRICT_OBJC_MSGSEND = YES;
				GCC_C_LANGUAGE_STANDARD = gnu99;
				GCC_NO_COMMON_BLOCKS = YES;
				GCC_WARN_64_TO_32_BIT_CONVERSION = YES;
				GCC_WARN_ABOUT_RETURN_TYPE = YES_ERROR;
				GCC_WARN_UNDECLARED_SELECTOR = YES;
				GCC_WARN_UNINITIALIZED_AUTOS = YES_AGGRESSIVE;
				GCC_WARN_UNUSED_FUNCTION = YES;
				GCC_WARN_UNUSED_VARIABLE = YES;
				IPHONEOS_DEPLOYMENT_TARGET = 10.3;
				MTL_ENABLE_DEBUG_INFO = NO;
				SDKROOT = iphoneos;
				SWIFT_OPTIMIZATION_LEVEL = "-Owholemodule";
				VALIDATE_PRODUCT = YES;
			};
			name = Release;
		};
		031CEDC61F4F474800A4C6FF /* Debug */ = {
			isa = XCBuildConfiguration;
			buildSettings = {
				ASSETCATALOG_COMPILER_APPICON_NAME = AppIcon;
				DEVELOPMENT_TEAM = N7C8DEK852;
				INFOPLIST_FILE = HexColors/Info.plist;
				LD_RUNPATH_SEARCH_PATHS = "$(inherited) @executable_path/Frameworks";
				PRODUCT_BUNDLE_IDENTIFIER = com.joshspicer.HexColors;
				PRODUCT_NAME = "$(TARGET_NAME)";
				SWIFT_VERSION = 3.0;
			};
			name = Debug;
		};
		031CEDC71F4F474800A4C6FF /* Release */ = {
			isa = XCBuildConfiguration;
			buildSettings = {
				ASSETCATALOG_COMPILER_APPICON_NAME = AppIcon;
				DEVELOPMENT_TEAM = N7C8DEK852;
				INFOPLIST_FILE = HexColors/Info.plist;
				LD_RUNPATH_SEARCH_PATHS = "$(inherited) @executable_path/Frameworks";
				PRODUCT_BUNDLE_IDENTIFIER = com.joshspicer.HexColors;
				PRODUCT_NAME = "$(TARGET_NAME)";
				SWIFT_VERSION = 3.0;
			};
			name = Release;
		};
/* End XCBuildConfiguration section */

/* Begin XCConfigurationList section */
		031CEDAE1F4F474800A4C6FF /* Build configuration list for PBXProject "HexColors" */ = {
			isa = XCConfigurationList;
			buildConfigurations = (
				031CEDC31F4F474800A4C6FF /* Debug */,
				031CEDC41F4F474800A4C6FF /* Release */,
			);
			defaultConfigurationIsVisible = 0;
			defaultConfigurationName = Release;
		};
		031CEDC51F4F474800A4C6FF /* Build configuration list for PBXNativeTarget "HexColors" */ = {
			isa = XCConfigurationList;
			buildConfigurations = (
				031CEDC61F4F474800A4C6FF /* Debug */,
				031CEDC71F4F474800A4C6FF /* Release */,
			);
			defaultConfigurationIsVisible = 0;
			defaultConfigurationName = Release;
		};
/* End XCConfigurationList section */
	};
	rootObject = 031CEDAB1F4F474800A4C6FF /* Project object */;
}
